
Microsoft Visual Studio Solution File, Format Version 12.00
# Visual Studio Version 17
VisualStudioVersion = 17.4.33403.182
MinimumVisualStudioVersion = 10.0.40219.1
Project("{FAE04EC0-301F-11D3-BF4B-00C04F79EFBC}") = "PetStoreAPIChallenge", "PetStoreAPIChallenge\PetStoreAPIChallenge.csproj", "{EBA7DDD6-C90B-42ED-9A6F-D0693A98C1CE}"
EndProject
Global
	GlobalSection(SolutionConfigurationPlatforms) = preSolution
		Debug|Any CPU = Debug|Any CPU
		Release|Any CPU = Release|Any CPU
	EndGlobalSection
	GlobalSection(ProjectConfigurationPlatforms) = postSolution
		{EBA7DDD6-C90B-42ED-9A6F-D0693A98C1CE}.Debug|Any CPU.ActiveCfg = Debug|Any CPU
		{EBA7DDD6-C90B-42ED-9A6F-D0693A98C1CE}.Debug|Any CPU.Build.0 = Debug|Any CPU
		{EBA7DDD6-C90B-42ED-9A6F-D0693A98C1CE}.Release|Any CPU.ActiveCfg = Release|Any CPU
		{EBA7DDD6-C90B-42ED-9A6F-D0693A98C1CE}.Release|Any CPU.Build.0 = Release|Any CPU
	EndGlobalSection
	GlobalSection(SolutionProperties) = preSolution
		HideSolutionNode = FALSE
	EndGlobalSection
	GlobalSection(ExtensibilityGlobals) = postSolution
		SolutionGuid = {1C0CDADC-F4B2-4793-A3B4-5252D29FE13D}
	EndGlobalSection
EndGlobal
